
Microsoft Visual Studio Solution File, Format Version 12.00
# Visual Studio Version 17
VisualStudioVersion = 17.10.35122.118
MinimumVisualStudioVersion = 10.0.40219.1
Project("{FAE04EC0-301F-11D3-BF4B-00C04F79EFBC}") = "ChatAnywhere.Server", "ChatAnywhere.Server\ChatAnywhere.Server.csproj", "{61D87AB6-84F5-4FC7-9EA6-C95DB235065F}"
EndProject
Project("{54A90642-561A-4BB1-A94E-469ADEE60C69}") = "chatanywhere.client", "chatanywhere.client\chatanywhere.client.esproj", "{AE618B75-EAFB-4AFC-B8DD-EF0E276E0D35}"
EndProject
Global
	GlobalSection(SolutionConfigurationPlatforms) = preSolution
		Debug|Any CPU = Debug|Any CPU
		Release|Any CPU = Release|Any CPU
	EndGlobalSection
	GlobalSection(ProjectConfigurationPlatforms) = postSolution
		{61D87AB6-84F5-4FC7-9EA6-C95DB235065F}.Debug|Any CPU.ActiveCfg = Debug|Any CPU
		{61D87AB6-84F5-4FC7-9EA6-C95DB235065F}.Debug|Any CPU.Build.0 = Debug|Any CPU
		{61D87AB6-84F5-4FC7-9EA6-C95DB235065F}.Release|Any CPU.ActiveCfg = Release|Any CPU
		{61D87AB6-84F5-4FC7-9EA6-C95DB235065F}.Release|Any CPU.Build.0 = Release|Any CPU
		{AE618B75-EAFB-4AFC-B8DD-EF0E276E0D35}.Debug|Any CPU.ActiveCfg = Debug|Any CPU
		{AE618B75-EAFB-4AFC-B8DD-EF0E276E0D35}.Debug|Any CPU.Build.0 = Debug|Any CPU
		{AE618B75-EAFB-4AFC-B8DD-EF0E276E0D35}.Debug|Any CPU.Deploy.0 = Debug|Any CPU
		{AE618B75-EAFB-4AFC-B8DD-EF0E276E0D35}.Release|Any CPU.ActiveCfg = Release|Any CPU
		{AE618B75-EAFB-4AFC-B8DD-EF0E276E0D35}.Release|Any CPU.Build.0 = Release|Any CPU
		{AE618B75-EAFB-4AFC-B8DD-EF0E276E0D35}.Release|Any CPU.Deploy.0 = Release|Any CPU
	EndGlobalSection
	GlobalSection(SolutionProperties) = preSolution
		HideSolutionNode = FALSE
	EndGlobalSection
	GlobalSection(ExtensibilityGlobals) = postSolution
		SolutionGuid = {B1E28B69-9744-4002-9E00-151B232233A6}
	EndGlobalSection
EndGlobal
